{
  "version": 4,
  "terraform_version": "1.2.3",
  "serial": 84,
  "lineage": "002ddbcc-8e64-1b63-a630-77c59bc71443",
  "outputs": {},
  "resources": [
    {
      "mode": "data",
      "type": "azurerm_client_config",
      "name": "current",
      "provider": "provider[\"registry.terraform.io/hashicorp/azurerm\"]",
      "instances": [
        {
          "schema_version": 0,
          "attributes": {
            "client_id": "04b07795-8ddb-461a-bbee-02f9e1bf7b46",
            "id": "Y2xpZW50Q29uZmlncy9jbGllbnRJZD0wNGIwNzc5NS04ZGRiLTQ2MWEtYmJlZS0wMmY5ZTFiZjdiNDY7b2JqZWN0SWQ9ZjFlNDc3OTEtYzVmMS00ZDZlLWI2YTMtYmRkNjgxMWZjZmUxO3N1YnNjcmlwdGlvbklkPTI2YWIxMjI0LTUyYjAtNDE2OC1iNjczLWUyOWVmNDFhNjQyZTt0ZW5hbnRJZD03MmY5ODhiZi04NmYxLTQxYWYtOTFhYi0yZDdjZDAxMWRiNDc=",
            "object_id": "f1e47791-c5f1-4d6e-b6a3-bdd6811fcfe1",
            "subscription_id": "26ab1224-52b0-4168-b673-e29ef41a642e",
            "tenant_id": "72f988bf-86f1-41af-91ab-2d7cd011db47",
            "timeouts": null
          },
          "sensitive_attributes": []
        }
      ]
    },
    {
      "mode": "managed",
      "type": "azurerm_key_vault",
      "name": "kv1",
      "provider": "provider[\"registry.terraform.io/hashicorp/azurerm\"]",
      "instances": [
        {
          "schema_version": 2,
          "attributes": {
            "access_policy": [
              {
                "application_id": "",
                "certificate_permissions": null,
                "key_permissions": [
                  "Get"
                ],
                "object_id": "f1e47791-c5f1-4d6e-b6a3-bdd6811fcfe1",
                "secret_permissions": [
                  "Get",
                  "Backup",
                  "Delete",
                  "List",
                  "Purge",
                  "Recover",
                  "Restore",
                  "Set"
                ],
                "storage_permissions": [
                  "Get"
                ],
                "tenant_id": "72f988bf-86f1-41af-91ab-2d7cd011db47"
              }
            ],
            "contact": [],
            "enable_rbac_authorization": false,
            "enabled_for_deployment": false,
            "enabled_for_disk_encryption": true,
            "enabled_for_template_deployment": false,
            "id": "/subscriptions/26ab1224-52b0-4168-b673-e29ef41a642e/resourceGroups/vWANDemo-uksouth-vwan-rg-01/providers/Microsoft.KeyVault/vaults/keyvault033ef45b8c",
            "location": "uksouth",
            "name": "keyvault033ef45b8c",
            "network_acls": [
              {
                "bypass": "AzureServices",
                "default_action": "Allow",
                "ip_rules": [],
                "virtual_network_subnet_ids": []
              }
            ],
            "public_network_access_enabled": true,
            "purge_protection_enabled": false,
            "resource_group_name": "vWANDemo-uksouth-vwan-rg-01",
            "sku_name": "standard",
            "soft_delete_retention_days": 7,
            "tags": {
              "Environment": "jakewalsh90-vWAN-DemoLab"
            },
            "tenant_id": "72f988bf-86f1-41af-91ab-2d7cd011db47",
            "timeouts": null,
            "vault_uri": "https://keyvault033ef45b8c.vault.azure.net/"
          },
          "sensitive_attributes": [],
          "private": "eyJlMmJmYjczMC1lY2FhLTExZTYtOGY4OC0zNDM2M2JjN2M0YzAiOnsiY3JlYXRlIjoxODAwMDAwMDAwMDAwLCJkZWxldGUiOjE4MDAwMDAwMDAwMDAsInJlYWQiOjMwMDAwMDAwMDAwMCwidXBkYXRlIjoxODAwMDAwMDAwMDAwfSwic2NoZW1hX3ZlcnNpb24iOiIyIn0=",
          "dependencies": [
            "azurerm_resource_group.region1-rg1",
            "data.azurerm_client_config.current",
            "random_id.kvname"
          ]
        }
      ]
    },
    {
      "mode": "managed",
      "type": "azurerm_key_vault_secret",
      "name": "vmpassword",
      "provider": "provider[\"registry.terraform.io/hashicorp/azurerm\"]",
      "instances": [
        {
          "schema_version": 0,
          "attributes": {
            "content_type": "",
            "expiration_date": null,
            "id": "https://keyvault033ef45b8c.vault.azure.net/secrets/vmpassword/ed5ac3aa0da3459eaba740f7337bb206",
            "key_vault_id": "/subscriptions/26ab1224-52b0-4168-b673-e29ef41a642e/resourceGroups/vWANDemo-uksouth-vwan-rg-01/providers/Microsoft.KeyVault/vaults/keyvault033ef45b8c",
            "name": "vmpassword",
            "not_before_date": null,
            "resource_id": "/subscriptions/26ab1224-52b0-4168-b673-e29ef41a642e/resourceGroups/vWANDemo-uksouth-vwan-rg-01/providers/Microsoft.KeyVault/vaults/keyvault033ef45b8c/secrets/vmpassword/versions/ed5ac3aa0da3459eaba740f7337bb206",
            "resource_versionless_id": "/subscriptions/26ab1224-52b0-4168-b673-e29ef41a642e/resourceGroups/vWANDemo-uksouth-vwan-rg-01/providers/Microsoft.KeyVault/vaults/keyvault033ef45b8c/secrets/vmpassword",
            "tags": null,
            "timeouts": null,
            "value": "t}LcllXBYE9epM-xrD+\u003e",
            "version": "ed5ac3aa0da3459eaba740f7337bb206",
            "versionless_id": "https://keyvault033ef45b8c.vault.azure.net/secrets/vmpassword"
          },
          "sensitive_attributes": [
            [
              {
                "type": "get_attr",
                "value": "value"
              }
            ]
          ],
          "private": "eyJlMmJmYjczMC1lY2FhLTExZTYtOGY4OC0zNDM2M2JjN2M0YzAiOnsiY3JlYXRlIjoxODAwMDAwMDAwMDAwLCJkZWxldGUiOjE4MDAwMDAwMDAwMDAsInJlYWQiOjE4MDAwMDAwMDAwMDAsInVwZGF0ZSI6MTgwMDAwMDAwMDAwMH19",
          "dependencies": [
            "azurerm_key_vault.kv1",
            "azurerm_resource_group.region1-rg1",
            "data.azurerm_client_config.current",
            "random_id.kvname",
            "random_password.vmpassword"
          ]
        }
      ]
    },
    {
      "mode": "managed",
      "type": "azurerm_network_interface",
      "name": "region1-vm01-nic",
      "provider": "provider[\"registry.terraform.io/hashicorp/azurerm\"]",
      "instances": [
        {
          "schema_version": 0,
          "attributes": {
            "applied_dns_servers": [],
            "dns_servers": [],
            "edge_zone": "",
            "enable_accelerated_networking": false,
            "enable_ip_forwarding": false,
            "id": "/subscriptions/26ab1224-52b0-4168-b673-e29ef41a642e/resourceGroups/vWANDemo-uksouth-vwan-rg-01/providers/Microsoft.Network/networkInterfaces/uksouth-vm01-nic",
            "internal_dns_name_label": "",
            "internal_domain_name_suffix": "wsbdqt3yaazu1ghgwuf02luhbg.zx.internal.cloudapp.net",
            "ip_configuration": [
              {
                "gateway_load_balancer_frontend_ip_configuration_id": "",
                "name": "uksouth-vm01-ipconfig",
                "primary": true,
                "private_ip_address": "10.10.11.4",
                "private_ip_address_allocation": "Dynamic",
                "private_ip_address_version": "IPv4",
                "public_ip_address_id": "/subscriptions/26ab1224-52b0-4168-b673-e29ef41a642e/resourceGroups/vWANDemo-uksouth-vwan-rg-01/providers/Microsoft.Network/publicIPAddresses/uksouth-vm01-pip",
                "subnet_id": "/subscriptions/26ab1224-52b0-4168-b673-e29ef41a642e/resourceGroups/vWANDemo-uksouth-vwan-rg-01/providers/Microsoft.Network/virtualNetworks/uksouth-vnet-01/subnets/uksouth-vnet-01-snet-01"
              }
            ],
            "location": "uksouth",
            "mac_address": "",
            "name": "uksouth-vm01-nic",
            "private_ip_address": "10.10.11.4",
            "private_ip_addresses": [
              "10.10.11.4"
            ],
            "resource_group_name": "vWANDemo-uksouth-vwan-rg-01",
            "tags": {
              "Environment": "jakewalsh90-vWAN-DemoLab"
            },
            "timeouts": null,
            "virtual_machine_id": ""
          },
          "sensitive_attributes": [],
          "private": "eyJlMmJmYjczMC1lY2FhLTExZTYtOGY4OC0zNDM2M2JjN2M0YzAiOnsiY3JlYXRlIjoxODAwMDAwMDAwMDAwLCJkZWxldGUiOjE4MDAwMDAwMDAwMDAsInJlYWQiOjMwMDAwMDAwMDAwMCwidXBkYXRlIjoxODAwMDAwMDAwMDAwfX0=",
          "dependencies": [
            "azurerm_public_ip.region1-vm01-pip",
            "azurerm_resource_group.region1-rg1",
            "azurerm_subnet.region1-vnet1-snet1",
            "azurerm_virtual_network.region1-vnet1"
          ]
        }
      ]
    },
    {
      "mode": "managed",
      "type": "azurerm_network_interface",
      "name": "region2-vm01-nic",
      "provider": "provider[\"registry.terraform.io/hashicorp/azurerm\"]",
      "instances": [
        {
          "schema_version": 0,
          "attributes": {
            "applied_dns_servers": [],
            "dns_servers": [],
            "edge_zone": "",
            "enable_accelerated_networking": false,
            "enable_ip_forwarding": false,
            "id": "/subscriptions/26ab1224-52b0-4168-b673-e29ef41a642e/resourceGroups/vWANDemo-eastus-vwan-rg-01/providers/Microsoft.Network/networkInterfaces/eastus-vm01-nic",
            "internal_dns_name_label": "",
            "internal_domain_name_suffix": "s11ghhecyefufpltedxndiybsg.bx.internal.cloudapp.net",
            "ip_configuration": [
              {
                "gateway_load_balancer_frontend_ip_configuration_id": "",
                "name": "eastus-vm01-ipconfig",
                "primary": true,
                "private_ip_address": "10.20.11.4",
                "private_ip_address_allocation": "Dynamic",
                "private_ip_address_version": "IPv4",
                "public_ip_address_id": "/subscriptions/26ab1224-52b0-4168-b673-e29ef41a642e/resourceGroups/vWANDemo-eastus-vwan-rg-01/providers/Microsoft.Network/publicIPAddresses/eastus-vm01-pip",
                "subnet_id": "/subscriptions/26ab1224-52b0-4168-b673-e29ef41a642e/resourceGroups/vWANDemo-eastus-vwan-rg-01/providers/Microsoft.Network/virtualNetworks/eastus-vnet-01/subnets/eastus-vnet-01-snet-01"
              }
            ],
            "location": "eastus",
            "mac_address": "",
            "name": "eastus-vm01-nic",
            "private_ip_address": "10.20.11.4",
            "private_ip_addresses": [
              "10.20.11.4"
            ],
            "resource_group_name": "vWANDemo-eastus-vwan-rg-01",
            "tags": {
              "Environment": "jakewalsh90-vWAN-DemoLab"
            },
            "timeouts": null,
            "virtual_machine_id": ""
          },
          "sensitive_attributes": [],
          "private": "eyJlMmJmYjczMC1lY2FhLTExZTYtOGY4OC0zNDM2M2JjN2M0YzAiOnsiY3JlYXRlIjoxODAwMDAwMDAwMDAwLCJkZWxldGUiOjE4MDAwMDAwMDAwMDAsInJlYWQiOjMwMDAwMDAwMDAwMCwidXBkYXRlIjoxODAwMDAwMDAwMDAwfX0=",
          "dependencies": [
            "azurerm_public_ip.region2-vm01-pip",
            "azurerm_resource_group.region2-rg1",
            "azurerm_subnet.region2-vnet1-snet1",
            "azurerm_virtual_network.region2-vnet1"
          ]
        }
      ]
    },
    {
      "mode": "managed",
      "type": "azurerm_network_security_group",
      "name": "region1-nsg",
      "provider": "provider[\"registry.terraform.io/hashicorp/azurerm\"]",
      "instances": [
        {
          "schema_version": 0,
          "attributes": {
            "id": "/subscriptions/26ab1224-52b0-4168-b673-e29ef41a642e/resourceGroups/vWANDemo-uksouth-vwan-rg-01/providers/Microsoft.Network/networkSecurityGroups/uksouth-nsg-01",
            "location": "uksouth",
            "name": "uksouth-nsg-01",
            "resource_group_name": "vWANDemo-uksouth-vwan-rg-01",
            "security_rule": [
              {
                "access": "Allow",
                "description": "",
                "destination_address_prefix": "*",
                "destination_address_prefixes": [],
                "destination_application_security_group_ids": [],
                "destination_port_range": "3389",
                "destination_port_ranges": [],
                "direction": "Inbound",
                "name": "RDP-In",
                "priority": 100,
                "protocol": "*",
                "source_address_prefix": "*",
                "source_address_prefixes": [],
                "source_application_security_group_ids": [],
                "source_port_range": "*",
                "source_port_ranges": []
              }
            ],
            "tags": {
              "Environment": "jakewalsh90-vWAN-DemoLab"
            },
            "timeouts": null
          },
          "sensitive_attributes": [],
          "private": "eyJlMmJmYjczMC1lY2FhLTExZTYtOGY4OC0zNDM2M2JjN2M0YzAiOnsiY3JlYXRlIjoxODAwMDAwMDAwMDAwLCJkZWxldGUiOjE4MDAwMDAwMDAwMDAsInJlYWQiOjMwMDAwMDAwMDAwMCwidXBkYXRlIjoxODAwMDAwMDAwMDAwfX0=",
          "dependencies": [
            "azurerm_resource_group.region1-rg1"
          ]
        }
      ]
    },
    {
      "mode": "managed",
      "type": "azurerm_network_security_group",
      "name": "region2-nsg",
      "provider": "provider[\"registry.terraform.io/hashicorp/azurerm\"]",
      "instances": [
        {
          "schema_version": 0,
          "attributes": {
            "id": "/subscriptions/26ab1224-52b0-4168-b673-e29ef41a642e/resourceGroups/vWANDemo-eastus-vwan-rg-01/providers/Microsoft.Network/networkSecurityGroups/eastus-nsg-01",
            "location": "eastus",
            "name": "eastus-nsg-01",
            "resource_group_name": "vWANDemo-eastus-vwan-rg-01",
            "security_rule": [
              {
                "access": "Allow",
                "description": "",
                "destination_address_prefix": "*",
                "destination_address_prefixes": [],
                "destination_application_security_group_ids": [],
                "destination_port_range": "3389",
                "destination_port_ranges": [],
                "direction": "Inbound",
                "name": "RDP-In",
                "priority": 100,
                "protocol": "*",
                "source_address_prefix": "*",
                "source_address_prefixes": [],
                "source_application_security_group_ids": [],
                "source_port_range": "*",
                "source_port_ranges": []
              }
            ],
            "tags": {
              "Environment": "jakewalsh90-vWAN-DemoLab"
            },
            "timeouts": null
          },
          "sensitive_attributes": [],
          "private": "eyJlMmJmYjczMC1lY2FhLTExZTYtOGY4OC0zNDM2M2JjN2M0YzAiOnsiY3JlYXRlIjoxODAwMDAwMDAwMDAwLCJkZWxldGUiOjE4MDAwMDAwMDAwMDAsInJlYWQiOjMwMDAwMDAwMDAwMCwidXBkYXRlIjoxODAwMDAwMDAwMDAwfX0=",
          "dependencies": [
            "azurerm_resource_group.region2-rg1"
          ]
        }
      ]
    },
    {
      "mode": "managed",
      "type": "azurerm_public_ip",
      "name": "region1-vm01-pip",
      "provider": "provider[\"registry.terraform.io/hashicorp/azurerm\"]",
      "instances": [
        {
          "schema_version": 0,
          "attributes": {
            "allocation_method": "Static",
            "ddos_protection_mode": "VirtualNetworkInherited",
            "ddos_protection_plan_id": null,
            "domain_name_label": null,
            "edge_zone": "",
            "fqdn": null,
            "id": "/subscriptions/26ab1224-52b0-4168-b673-e29ef41a642e/resourceGroups/vWANDemo-uksouth-vwan-rg-01/providers/Microsoft.Network/publicIPAddresses/uksouth-vm01-pip",
            "idle_timeout_in_minutes": 4,
            "ip_address": "20.0.185.213",
            "ip_tags": null,
            "ip_version": "IPv4",
            "location": "uksouth",
            "name": "uksouth-vm01-pip",
            "public_ip_prefix_id": null,
            "resource_group_name": "vWANDemo-uksouth-vwan-rg-01",
            "reverse_fqdn": null,
            "sku": "Standard",
            "sku_tier": "Regional",
            "tags": {
              "Environment": "jakewalsh90-vWAN-DemoLab"
            },
            "timeouts": null,
            "zones": null
          },
          "sensitive_attributes": [],
          "private": "eyJlMmJmYjczMC1lY2FhLTExZTYtOGY4OC0zNDM2M2JjN2M0YzAiOnsiY3JlYXRlIjoxODAwMDAwMDAwMDAwLCJkZWxldGUiOjE4MDAwMDAwMDAwMDAsInJlYWQiOjMwMDAwMDAwMDAwMCwidXBkYXRlIjoxODAwMDAwMDAwMDAwfX0=",
          "dependencies": [
            "azurerm_resource_group.region1-rg1"
          ]
        }
      ]
    },
    {
      "mode": "managed",
      "type": "azurerm_public_ip",
      "name": "region2-vm01-pip",
      "provider": "provider[\"registry.terraform.io/hashicorp/azurerm\"]",
      "instances": [
        {
          "schema_version": 0,
          "attributes": {
            "allocation_method": "Static",
            "ddos_protection_mode": "VirtualNetworkInherited",
            "ddos_protection_plan_id": null,
            "domain_name_label": null,
            "edge_zone": "",
            "fqdn": null,
            "id": "/subscriptions/26ab1224-52b0-4168-b673-e29ef41a642e/resourceGroups/vWANDemo-eastus-vwan-rg-01/providers/Microsoft.Network/publicIPAddresses/eastus-vm01-pip",
            "idle_timeout_in_minutes": 4,
            "ip_address": "20.120.12.76",
            "ip_tags": null,
            "ip_version": "IPv4",
            "location": "eastus",
            "name": "eastus-vm01-pip",
            "public_ip_prefix_id": null,
            "resource_group_name": "vWANDemo-eastus-vwan-rg-01",
            "reverse_fqdn": null,
            "sku": "Standard",
            "sku_tier": "Regional",
            "tags": {
              "Environment": "jakewalsh90-vWAN-DemoLab"
            },
            "timeouts": null,
            "zones": null
          },
          "sensitive_attributes": [],
          "private": "eyJlMmJmYjczMC1lY2FhLTExZTYtOGY4OC0zNDM2M2JjN2M0YzAiOnsiY3JlYXRlIjoxODAwMDAwMDAwMDAwLCJkZWxldGUiOjE4MDAwMDAwMDAwMDAsInJlYWQiOjMwMDAwMDAwMDAwMCwidXBkYXRlIjoxODAwMDAwMDAwMDAwfX0=",
          "dependencies": [
            "azurerm_resource_group.region2-rg1"
          ]
        }
      ]
    },
    {
      "mode": "managed",
      "type": "azurerm_resource_group",
      "name": "region1-rg1",
      "provider": "provider[\"registry.terraform.io/hashicorp/azurerm\"]",
      "instances": [
        {
          "schema_version": 0,
          "attributes": {
            "id": "/subscriptions/26ab1224-52b0-4168-b673-e29ef41a642e/resourceGroups/vWANDemo-uksouth-vwan-rg-01",
            "location": "uksouth",
            "name": "vWANDemo-uksouth-vwan-rg-01",
            "tags": {
              "Environment": "jakewalsh90-vWAN-DemoLab",
              "Function": "vWAN-DemoLab-ResourceGroups"
            },
            "timeouts": null
          },
          "sensitive_attributes": [],
          "private": "eyJlMmJmYjczMC1lY2FhLTExZTYtOGY4OC0zNDM2M2JjN2M0YzAiOnsiY3JlYXRlIjo1NDAwMDAwMDAwMDAwLCJkZWxldGUiOjU0MDAwMDAwMDAwMDAsInJlYWQiOjMwMDAwMDAwMDAwMCwidXBkYXRlIjo1NDAwMDAwMDAwMDAwfX0="
        }
      ]
    },
    {
      "mode": "managed",
      "type": "azurerm_resource_group",
      "name": "region2-rg1",
      "provider": "provider[\"registry.terraform.io/hashicorp/azurerm\"]",
      "instances": [
        {
          "schema_version": 0,
          "attributes": {
            "id": "/subscriptions/26ab1224-52b0-4168-b673-e29ef41a642e/resourceGroups/vWANDemo-eastus-vwan-rg-01",
            "location": "eastus",
            "name": "vWANDemo-eastus-vwan-rg-01",
            "tags": {
              "Environment": "jakewalsh90-vWAN-DemoLab",
              "Function": "vWAN-DemoLab-ResourceGroups"
            },
            "timeouts": null
          },
          "sensitive_attributes": [],
          "private": "eyJlMmJmYjczMC1lY2FhLTExZTYtOGY4OC0zNDM2M2JjN2M0YzAiOnsiY3JlYXRlIjo1NDAwMDAwMDAwMDAwLCJkZWxldGUiOjU0MDAwMDAwMDAwMDAsInJlYWQiOjMwMDAwMDAwMDAwMCwidXBkYXRlIjo1NDAwMDAwMDAwMDAwfX0="
        }
      ]
    },
    {
      "mode": "managed",
      "type": "azurerm_subnet",
      "name": "region1-vnet1-snet1",
      "provider": "provider[\"registry.terraform.io/hashicorp/azurerm\"]",
      "instances": [
        {
          "schema_version": 0,
          "attributes": {
            "address_prefixes": [
              "10.10.11.0/24"
            ],
            "delegation": [],
            "enforce_private_link_endpoint_network_policies": false,
            "enforce_private_link_service_network_policies": false,
            "id": "/subscriptions/26ab1224-52b0-4168-b673-e29ef41a642e/resourceGroups/vWANDemo-uksouth-vwan-rg-01/providers/Microsoft.Network/virtualNetworks/uksouth-vnet-01/subnets/uksouth-vnet-01-snet-01",
            "name": "uksouth-vnet-01-snet-01",
            "private_endpoint_network_policies_enabled": true,
            "private_link_service_network_policies_enabled": true,
            "resource_group_name": "vWANDemo-uksouth-vwan-rg-01",
            "service_endpoint_policy_ids": null,
            "service_endpoints": null,
            "timeouts": null,
            "virtual_network_name": "uksouth-vnet-01"
          },
          "sensitive_attributes": [],
          "private": "eyJlMmJmYjczMC1lY2FhLTExZTYtOGY4OC0zNDM2M2JjN2M0YzAiOnsiY3JlYXRlIjoxODAwMDAwMDAwMDAwLCJkZWxldGUiOjE4MDAwMDAwMDAwMDAsInJlYWQiOjMwMDAwMDAwMDAwMCwidXBkYXRlIjoxODAwMDAwMDAwMDAwfX0=",
          "dependencies": [
            "azurerm_resource_group.region1-rg1",
            "azurerm_virtual_network.region1-vnet1"
          ]
        }
      ]
    },
    {
      "mode": "managed",
      "type": "azurerm_subnet",
      "name": "region2-vnet1-snet1",
      "provider": "provider[\"registry.terraform.io/hashicorp/azurerm\"]",
      "instances": [
        {
          "schema_version": 0,
          "attributes": {
            "address_prefixes": [
              "10.20.11.0/24"
            ],
            "delegation": [],
            "enforce_private_link_endpoint_network_policies": false,
            "enforce_private_link_service_network_policies": false,
            "id": "/subscriptions/26ab1224-52b0-4168-b673-e29ef41a642e/resourceGroups/vWANDemo-eastus-vwan-rg-01/providers/Microsoft.Network/virtualNetworks/eastus-vnet-01/subnets/eastus-vnet-01-snet-01",
            "name": "eastus-vnet-01-snet-01",
            "private_endpoint_network_policies_enabled": true,
            "private_link_service_network_policies_enabled": true,
            "resource_group_name": "vWANDemo-eastus-vwan-rg-01",
            "service_endpoint_policy_ids": null,
            "service_endpoints": null,
            "timeouts": null,
            "virtual_network_name": "eastus-vnet-01"
          },
          "sensitive_attributes": [],
          "private": "eyJlMmJmYjczMC1lY2FhLTExZTYtOGY4OC0zNDM2M2JjN2M0YzAiOnsiY3JlYXRlIjoxODAwMDAwMDAwMDAwLCJkZWxldGUiOjE4MDAwMDAwMDAwMDAsInJlYWQiOjMwMDAwMDAwMDAwMCwidXBkYXRlIjoxODAwMDAwMDAwMDAwfX0=",
          "dependencies": [
            "azurerm_resource_group.region2-rg1",
            "azurerm_virtual_network.region2-vnet1"
          ]
        }
      ]
    },
    {
      "mode": "managed",
      "type": "azurerm_subnet_network_security_group_association",
      "name": "region1-vnet1-snet1",
      "provider": "provider[\"registry.terraform.io/hashicorp/azurerm\"]",
      "instances": [
        {
          "schema_version": 0,
          "attributes": {
            "id": "/subscriptions/26ab1224-52b0-4168-b673-e29ef41a642e/resourceGroups/vWANDemo-uksouth-vwan-rg-01/providers/Microsoft.Network/virtualNetworks/uksouth-vnet-01/subnets/uksouth-vnet-01-snet-01",
            "network_security_group_id": "/subscriptions/26ab1224-52b0-4168-b673-e29ef41a642e/resourceGroups/vWANDemo-uksouth-vwan-rg-01/providers/Microsoft.Network/networkSecurityGroups/uksouth-nsg-01",
            "subnet_id": "/subscriptions/26ab1224-52b0-4168-b673-e29ef41a642e/resourceGroups/vWANDemo-uksouth-vwan-rg-01/providers/Microsoft.Network/virtualNetworks/uksouth-vnet-01/subnets/uksouth-vnet-01-snet-01",
            "timeouts": null
          },
          "sensitive_attributes": [],
          "private": "eyJlMmJmYjczMC1lY2FhLTExZTYtOGY4OC0zNDM2M2JjN2M0YzAiOnsiY3JlYXRlIjoxODAwMDAwMDAwMDAwLCJkZWxldGUiOjE4MDAwMDAwMDAwMDAsInJlYWQiOjMwMDAwMDAwMDAwMCwidXBkYXRlIjoxODAwMDAwMDAwMDAwfX0=",
          "dependencies": [
            "azurerm_network_security_group.region1-nsg",
            "azurerm_resource_group.region1-rg1",
            "azurerm_subnet.region1-vnet1-snet1",
            "azurerm_virtual_network.region1-vnet1"
          ]
        }
      ]
    },
    {
      "mode": "managed",
      "type": "azurerm_subnet_network_security_group_association",
      "name": "region2-vnet1-snet1",
      "provider": "provider[\"registry.terraform.io/hashicorp/azurerm\"]",
      "instances": [
        {
          "schema_version": 0,
          "attributes": {
            "id": "/subscriptions/26ab1224-52b0-4168-b673-e29ef41a642e/resourceGroups/vWANDemo-eastus-vwan-rg-01/providers/Microsoft.Network/virtualNetworks/eastus-vnet-01/subnets/eastus-vnet-01-snet-01",
            "network_security_group_id": "/subscriptions/26ab1224-52b0-4168-b673-e29ef41a642e/resourceGroups/vWANDemo-eastus-vwan-rg-01/providers/Microsoft.Network/networkSecurityGroups/eastus-nsg-01",
            "subnet_id": "/subscriptions/26ab1224-52b0-4168-b673-e29ef41a642e/resourceGroups/vWANDemo-eastus-vwan-rg-01/providers/Microsoft.Network/virtualNetworks/eastus-vnet-01/subnets/eastus-vnet-01-snet-01",
            "timeouts": null
          },
          "sensitive_attributes": [],
          "private": "eyJlMmJmYjczMC1lY2FhLTExZTYtOGY4OC0zNDM2M2JjN2M0YzAiOnsiY3JlYXRlIjoxODAwMDAwMDAwMDAwLCJkZWxldGUiOjE4MDAwMDAwMDAwMDAsInJlYWQiOjMwMDAwMDAwMDAwMCwidXBkYXRlIjoxODAwMDAwMDAwMDAwfX0=",
          "dependencies": [
            "azurerm_network_security_group.region2-nsg",
            "azurerm_resource_group.region2-rg1",
            "azurerm_subnet.region2-vnet1-snet1",
            "azurerm_virtual_network.region2-vnet1"
          ]
        }
      ]
    },
    {
      "mode": "managed",
      "type": "azurerm_virtual_hub",
      "name": "region1-vhub1",
      "provider": "provider[\"registry.terraform.io/hashicorp/azurerm\"]",
      "instances": [
        {
          "schema_version": 0,
          "attributes": {
            "address_prefix": "10.10.0.0/21",
            "default_route_table_id": "/subscriptions/26ab1224-52b0-4168-b673-e29ef41a642e/resourceGroups/vWANDemo-uksouth-vwan-rg-01/providers/Microsoft.Network/virtualHubs/uksouth-vWAN-hub-01/hubRouteTables/defaultRouteTable",
            "id": "/subscriptions/26ab1224-52b0-4168-b673-e29ef41a642e/resourceGroups/vWANDemo-uksouth-vwan-rg-01/providers/Microsoft.Network/virtualHubs/uksouth-vWAN-hub-01",
            "location": "uksouth",
            "name": "uksouth-vWAN-hub-01",
            "resource_group_name": "vWANDemo-uksouth-vwan-rg-01",
            "route": [],
            "sku": "",
            "tags": {
              "Environment": "jakewalsh90-vWAN-DemoLab"
            },
            "timeouts": null,
            "virtual_router_asn": 65515,
            "virtual_router_ips": [
              "10.10.1.5",
              "10.10.1.4"
            ],
            "virtual_wan_id": "/subscriptions/26ab1224-52b0-4168-b673-e29ef41a642e/resourceGroups/vWANDemo-uksouth-vwan-rg-01/providers/Microsoft.Network/virtualWans/vWANDemo-vWAN-01"
          },
          "sensitive_attributes": [],
          "private": "eyJlMmJmYjczMC1lY2FhLTExZTYtOGY4OC0zNDM2M2JjN2M0YzAiOnsiY3JlYXRlIjozNjAwMDAwMDAwMDAwLCJkZWxldGUiOjM2MDAwMDAwMDAwMDAsInJlYWQiOjMwMDAwMDAwMDAwMCwidXBkYXRlIjozNjAwMDAwMDAwMDAwfX0=",
          "dependencies": [
            "azurerm_resource_group.region1-rg1",
            "azurerm_virtual_wan.vwan1"
          ]
        }
      ]
    },
    {
      "mode": "managed",
      "type": "azurerm_virtual_hub",
      "name": "region2-vhub1",
      "provider": "provider[\"registry.terraform.io/hashicorp/azurerm\"]",
      "instances": [
        {
          "schema_version": 0,
          "attributes": {
            "address_prefix": "10.20.0.0/21",
            "default_route_table_id": "/subscriptions/26ab1224-52b0-4168-b673-e29ef41a642e/resourceGroups/vWANDemo-eastus-vwan-rg-01/providers/Microsoft.Network/virtualHubs/eastus-vWAN-hub-02/hubRouteTables/defaultRouteTable",
            "id": "/subscriptions/26ab1224-52b0-4168-b673-e29ef41a642e/resourceGroups/vWANDemo-eastus-vwan-rg-01/providers/Microsoft.Network/virtualHubs/eastus-vWAN-hub-02",
            "location": "eastus",
            "name": "eastus-vWAN-hub-02",
            "resource_group_name": "vWANDemo-eastus-vwan-rg-01",
            "route": [],
            "sku": "",
            "tags": {
              "Environment": "jakewalsh90-vWAN-DemoLab"
            },
            "timeouts": null,
            "virtual_router_asn": 65515,
            "virtual_router_ips": [
              "10.20.1.5",
              "10.20.1.4"
            ],
            "virtual_wan_id": "/subscriptions/26ab1224-52b0-4168-b673-e29ef41a642e/resourceGroups/vWANDemo-uksouth-vwan-rg-01/providers/Microsoft.Network/virtualWans/vWANDemo-vWAN-01"
          },
          "sensitive_attributes": [],
          "private": "eyJlMmJmYjczMC1lY2FhLTExZTYtOGY4OC0zNDM2M2JjN2M0YzAiOnsiY3JlYXRlIjozNjAwMDAwMDAwMDAwLCJkZWxldGUiOjM2MDAwMDAwMDAwMDAsInJlYWQiOjMwMDAwMDAwMDAwMCwidXBkYXRlIjozNjAwMDAwMDAwMDAwfX0=",
          "dependencies": [
            "azurerm_resource_group.region1-rg1",
            "azurerm_resource_group.region2-rg1",
            "azurerm_virtual_wan.vwan1"
          ]
        }
      ]
    },
    {
      "mode": "managed",
      "type": "azurerm_virtual_hub_connection",
      "name": "region1-connection1",
      "provider": "provider[\"registry.terraform.io/hashicorp/azurerm\"]",
      "instances": [
        {
          "schema_version": 0,
          "attributes": {
            "id": "/subscriptions/26ab1224-52b0-4168-b673-e29ef41a642e/resourceGroups/vWANDemo-uksouth-vwan-rg-01/providers/Microsoft.Network/virtualHubs/uksouth-vWAN-hub-01/hubVirtualNetworkConnections/uksouth-conn-vnet1-to-vwan-hub",
            "internet_security_enabled": false,
            "name": "uksouth-conn-vnet1-to-vwan-hub",
            "remote_virtual_network_id": "/subscriptions/26ab1224-52b0-4168-b673-e29ef41a642e/resourceGroups/vWANDemo-uksouth-vwan-rg-01/providers/Microsoft.Network/virtualNetworks/uksouth-vnet-01",
            "routing": [
              {
                "associated_route_table_id": "/subscriptions/26ab1224-52b0-4168-b673-e29ef41a642e/resourceGroups/vWANDemo-uksouth-vwan-rg-01/providers/Microsoft.Network/virtualHubs/uksouth-vWAN-hub-01/hubRouteTables/defaultRouteTable",
                "propagated_route_table": [
                  {
                    "labels": [
                      "default"
                    ],
                    "route_table_ids": [
                      "/subscriptions/26ab1224-52b0-4168-b673-e29ef41a642e/resourceGroups/vWANDemo-uksouth-vwan-rg-01/providers/Microsoft.Network/virtualHubs/uksouth-vWAN-hub-01/hubRouteTables/defaultRouteTable"
                    ]
                  }
                ],
                "static_vnet_route": []
              }
            ],
            "timeouts": null,
            "virtual_hub_id": "/subscriptions/26ab1224-52b0-4168-b673-e29ef41a642e/resourceGroups/vWANDemo-uksouth-vwan-rg-01/providers/Microsoft.Network/virtualHubs/uksouth-vWAN-hub-01"
          },
          "sensitive_attributes": [],
          "private": "eyJlMmJmYjczMC1lY2FhLTExZTYtOGY4OC0zNDM2M2JjN2M0YzAiOnsiY3JlYXRlIjozNjAwMDAwMDAwMDAwLCJkZWxldGUiOjM2MDAwMDAwMDAwMDAsInJlYWQiOjMwMDAwMDAwMDAwMCwidXBkYXRlIjozNjAwMDAwMDAwMDAwfX0=",
          "dependencies": [
            "azurerm_resource_group.region1-rg1",
            "azurerm_virtual_hub.region1-vhub1",
            "azurerm_virtual_network.region1-vnet1",
            "azurerm_virtual_wan.vwan1"
          ]
        }
      ]
    },
    {
      "mode": "managed",
      "type": "azurerm_virtual_hub_connection",
      "name": "region2-connection1",
      "provider": "provider[\"registry.terraform.io/hashicorp/azurerm\"]",
      "instances": [
        {
          "schema_version": 0,
          "attributes": {
            "id": "/subscriptions/26ab1224-52b0-4168-b673-e29ef41a642e/resourceGroups/vWANDemo-eastus-vwan-rg-01/providers/Microsoft.Network/virtualHubs/eastus-vWAN-hub-02/hubVirtualNetworkConnections/eastus-conn-vnet1-to-vwan-hub",
            "internet_security_enabled": false,
            "name": "eastus-conn-vnet1-to-vwan-hub",
            "remote_virtual_network_id": "/subscriptions/26ab1224-52b0-4168-b673-e29ef41a642e/resourceGroups/vWANDemo-eastus-vwan-rg-01/providers/Microsoft.Network/virtualNetworks/eastus-vnet-01",
            "routing": [
              {
                "associated_route_table_id": "/subscriptions/26ab1224-52b0-4168-b673-e29ef41a642e/resourceGroups/vWANDemo-eastus-vwan-rg-01/providers/Microsoft.Network/virtualHubs/eastus-vWAN-hub-02/hubRouteTables/defaultRouteTable",
                "propagated_route_table": [
                  {
                    "labels": [
                      "default"
                    ],
                    "route_table_ids": [
                      "/subscriptions/26ab1224-52b0-4168-b673-e29ef41a642e/resourceGroups/vWANDemo-eastus-vwan-rg-01/providers/Microsoft.Network/virtualHubs/eastus-vWAN-hub-02/hubRouteTables/defaultRouteTable"
                    ]
                  }
                ],
                "static_vnet_route": []
              }
            ],
            "timeouts": null,
            "virtual_hub_id": "/subscriptions/26ab1224-52b0-4168-b673-e29ef41a642e/resourceGroups/vWANDemo-eastus-vwan-rg-01/providers/Microsoft.Network/virtualHubs/eastus-vWAN-hub-02"
          },
          "sensitive_attributes": [],
          "private": "eyJlMmJmYjczMC1lY2FhLTExZTYtOGY4OC0zNDM2M2JjN2M0YzAiOnsiY3JlYXRlIjozNjAwMDAwMDAwMDAwLCJkZWxldGUiOjM2MDAwMDAwMDAwMDAsInJlYWQiOjMwMDAwMDAwMDAwMCwidXBkYXRlIjozNjAwMDAwMDAwMDAwfX0=",
          "dependencies": [
            "azurerm_resource_group.region1-rg1",
            "azurerm_resource_group.region2-rg1",
            "azurerm_virtual_hub.region2-vhub1",
            "azurerm_virtual_network.region2-vnet1",
            "azurerm_virtual_wan.vwan1"
          ]
        }
      ]
    },
    {
      "mode": "managed",
      "type": "azurerm_virtual_machine_extension",
      "name": "region1-vm01-vmsetup",
      "provider": "provider[\"registry.terraform.io/hashicorp/azurerm\"]",
      "instances": [
        {
          "schema_version": 0,
          "attributes": {
            "auto_upgrade_minor_version": false,
            "automatic_upgrade_enabled": false,
            "failure_suppression_enabled": false,
            "id": "/subscriptions/26ab1224-52b0-4168-b673-e29ef41a642e/resourceGroups/vWANDemo-uksouth-vwan-rg-01/providers/Microsoft.Compute/virtualMachines/uksouth-vm01/extensions/uksouth-vm01-vmsetup",
            "name": "uksouth-vm01-vmsetup",
            "protected_settings": "    {\n      \"commandToExecute\": \"powershell.exe -Command \\\"./standard_VMSetup.ps1; exit 0;\\\"\"\n    }\n",
            "protected_settings_from_key_vault": [],
            "publisher": "Microsoft.Compute",
            "settings": "{\"fileUris\":[\"https://raw.githubusercontent.com/jakewalsh90/Terraform-Azure/main/PowerShell/standard_VMSetup.ps1\"]}",
            "tags": null,
            "timeouts": null,
            "type": "CustomScriptExtension",
            "type_handler_version": "1.9",
            "virtual_machine_id": "/subscriptions/26ab1224-52b0-4168-b673-e29ef41a642e/resourceGroups/vWANDemo-uksouth-vwan-rg-01/providers/Microsoft.Compute/virtualMachines/uksouth-vm01"
          },
          "sensitive_attributes": [],
          "private": "eyJlMmJmYjczMC1lY2FhLTExZTYtOGY4OC0zNDM2M2JjN2M0YzAiOnsiY3JlYXRlIjoxODAwMDAwMDAwMDAwLCJkZWxldGUiOjE4MDAwMDAwMDAwMDAsInJlYWQiOjMwMDAwMDAwMDAwMCwidXBkYXRlIjoxODAwMDAwMDAwMDAwfX0=",
          "dependencies": [
            "azurerm_key_vault.kv1",
            "azurerm_key_vault_secret.vmpassword",
            "azurerm_network_interface.region1-vm01-nic",
            "azurerm_public_ip.region1-vm01-pip",
            "azurerm_resource_group.region1-rg1",
            "azurerm_subnet.region1-vnet1-snet1",
            "azurerm_virtual_network.region1-vnet1",
            "azurerm_windows_virtual_machine.region1-vm01",
            "data.azurerm_client_config.current",
            "random_id.kvname",
            "random_password.vmpassword"
          ]
        }
      ]
    },
    {
      "mode": "managed",
      "type": "azurerm_virtual_machine_extension",
      "name": "region2-vm01-vmsetup",
      "provider": "provider[\"registry.terraform.io/hashicorp/azurerm\"]",
      "instances": [
        {
          "schema_version": 0,
          "attributes": {
            "auto_upgrade_minor_version": false,
            "automatic_upgrade_enabled": false,
            "failure_suppression_enabled": false,
            "id": "/subscriptions/26ab1224-52b0-4168-b673-e29ef41a642e/resourceGroups/vWANDemo-eastus-vwan-rg-01/providers/Microsoft.Compute/virtualMachines/eastus-vm01/extensions/eastus-vm01-vmsetup",
            "name": "eastus-vm01-vmsetup",
            "protected_settings": "    {\n      \"commandToExecute\": \"powershell.exe -Command \\\"./standard_VMSetup.ps1; exit 0;\\\"\"\n    }\n",
            "protected_settings_from_key_vault": [],
            "publisher": "Microsoft.Compute",
            "settings": "{\"fileUris\":[\"https://raw.githubusercontent.com/jakewalsh90/Terraform-Azure/main/PowerShell/standard_VMSetup.ps1\"]}",
            "tags": null,
            "timeouts": null,
            "type": "CustomScriptExtension",
            "type_handler_version": "1.9",
            "virtual_machine_id": "/subscriptions/26ab1224-52b0-4168-b673-e29ef41a642e/resourceGroups/vWANDemo-eastus-vwan-rg-01/providers/Microsoft.Compute/virtualMachines/eastus-vm01"
          },
          "sensitive_attributes": [],
          "private": "eyJlMmJmYjczMC1lY2FhLTExZTYtOGY4OC0zNDM2M2JjN2M0YzAiOnsiY3JlYXRlIjoxODAwMDAwMDAwMDAwLCJkZWxldGUiOjE4MDAwMDAwMDAwMDAsInJlYWQiOjMwMDAwMDAwMDAwMCwidXBkYXRlIjoxODAwMDAwMDAwMDAwfX0=",
          "dependencies": [
            "azurerm_key_vault.kv1",
            "azurerm_key_vault_secret.vmpassword",
            "azurerm_network_interface.region2-vm01-nic",
            "azurerm_public_ip.region2-vm01-pip",
            "azurerm_resource_group.region1-rg1",
            "azurerm_resource_group.region2-rg1",
            "azurerm_subnet.region2-vnet1-snet1",
            "azurerm_virtual_network.region2-vnet1",
            "azurerm_windows_virtual_machine.region2-vm01",
            "data.azurerm_client_config.current",
            "random_id.kvname",
            "random_password.vmpassword"
          ]
        }
      ]
    },
    {
      "mode": "managed",
      "type": "azurerm_virtual_network",
      "name": "region1-vnet1",
      "provider": "provider[\"registry.terraform.io/hashicorp/azurerm\"]",
      "instances": [
        {
          "schema_version": 0,
          "attributes": {
            "address_space": [
              "10.10.8.0/21"
            ],
            "bgp_community": "",
            "ddos_protection_plan": [],
            "dns_servers": [],
            "edge_zone": "",
            "flow_timeout_in_minutes": 0,
            "guid": "4f3882b4-00b8-4d33-98e6-b50bae2e870e",
            "id": "/subscriptions/26ab1224-52b0-4168-b673-e29ef41a642e/resourceGroups/vWANDemo-uksouth-vwan-rg-01/providers/Microsoft.Network/virtualNetworks/uksouth-vnet-01",
            "location": "uksouth",
            "name": "uksouth-vnet-01",
            "resource_group_name": "vWANDemo-uksouth-vwan-rg-01",
            "subnet": [],
            "tags": {
              "Environment": "jakewalsh90-vWAN-DemoLab"
            },
            "timeouts": null
          },
          "sensitive_attributes": [],
          "private": "eyJlMmJmYjczMC1lY2FhLTExZTYtOGY4OC0zNDM2M2JjN2M0YzAiOnsiY3JlYXRlIjoxODAwMDAwMDAwMDAwLCJkZWxldGUiOjE4MDAwMDAwMDAwMDAsInJlYWQiOjMwMDAwMDAwMDAwMCwidXBkYXRlIjoxODAwMDAwMDAwMDAwfX0=",
          "dependencies": [
            "azurerm_resource_group.region1-rg1"
          ]
        }
      ]
    },
    {
      "mode": "managed",
      "type": "azurerm_virtual_network",
      "name": "region2-vnet1",
      "provider": "provider[\"registry.terraform.io/hashicorp/azurerm\"]",
      "instances": [
        {
          "schema_version": 0,
          "attributes": {
            "address_space": [
              "10.20.8.0/21"
            ],
            "bgp_community": "",
            "ddos_protection_plan": [],
            "dns_servers": [],
            "edge_zone": "",
            "flow_timeout_in_minutes": 0,
            "guid": "9c63f696-c182-420b-bd73-20eed1a30196",
            "id": "/subscriptions/26ab1224-52b0-4168-b673-e29ef41a642e/resourceGroups/vWANDemo-eastus-vwan-rg-01/providers/Microsoft.Network/virtualNetworks/eastus-vnet-01",
            "location": "eastus",
            "name": "eastus-vnet-01",
            "resource_group_name": "vWANDemo-eastus-vwan-rg-01",
            "subnet": [],
            "tags": {
              "Environment": "jakewalsh90-vWAN-DemoLab"
            },
            "timeouts": null
          },
          "sensitive_attributes": [],
          "private": "eyJlMmJmYjczMC1lY2FhLTExZTYtOGY4OC0zNDM2M2JjN2M0YzAiOnsiY3JlYXRlIjoxODAwMDAwMDAwMDAwLCJkZWxldGUiOjE4MDAwMDAwMDAwMDAsInJlYWQiOjMwMDAwMDAwMDAwMCwidXBkYXRlIjoxODAwMDAwMDAwMDAwfX0=",
          "dependencies": [
            "azurerm_resource_group.region2-rg1"
          ]
        }
      ]
    },
    {
      "mode": "managed",
      "type": "azurerm_virtual_wan",
      "name": "vwan1",
      "provider": "provider[\"registry.terraform.io/hashicorp/azurerm\"]",
      "instances": [
        {
          "schema_version": 0,
          "attributes": {
            "allow_branch_to_branch_traffic": true,
            "disable_vpn_encryption": false,
            "id": "/subscriptions/26ab1224-52b0-4168-b673-e29ef41a642e/resourceGroups/vWANDemo-uksouth-vwan-rg-01/providers/Microsoft.Network/virtualWans/vWANDemo-vWAN-01",
            "location": "uksouth",
            "name": "vWANDemo-vWAN-01",
            "office365_local_breakout_category": "OptimizeAndAllow",
            "resource_group_name": "vWANDemo-uksouth-vwan-rg-01",
            "tags": {
              "Environment": "jakewalsh90-vWAN-DemoLab"
            },
            "timeouts": null,
            "type": "Standard"
          },
          "sensitive_attributes": [],
          "private": "eyJlMmJmYjczMC1lY2FhLTExZTYtOGY4OC0zNDM2M2JjN2M0YzAiOnsiY3JlYXRlIjoxODAwMDAwMDAwMDAwLCJkZWxldGUiOjE4MDAwMDAwMDAwMDAsInJlYWQiOjMwMDAwMDAwMDAwMCwidXBkYXRlIjoxODAwMDAwMDAwMDAwfX0=",
          "dependencies": [
            "azurerm_resource_group.region1-rg1"
          ]
        }
      ]
    },
    {
      "mode": "managed",
      "type": "azurerm_windows_virtual_machine",
      "name": "region1-vm01",
      "provider": "provider[\"registry.terraform.io/hashicorp/azurerm\"]",
      "instances": [
        {
          "schema_version": 0,
          "attributes": {
            "additional_capabilities": [],
            "additional_unattend_content": [],
            "admin_password": "t}LcllXBYE9epM-xrD+\u003e",
            "admin_username": "labadmin",
            "allow_extension_operations": true,
            "availability_set_id": "",
            "boot_diagnostics": [],
            "capacity_reservation_group_id": "",
            "computer_name": "uksouth-vm01",
            "custom_data": null,
            "dedicated_host_group_id": "",
            "dedicated_host_id": "",
            "edge_zone": "",
            "enable_automatic_updates": true,
            "encryption_at_host_enabled": false,
            "eviction_policy": "",
            "extensions_time_budget": "PT1H30M",
            "gallery_application": [],
            "hotpatching_enabled": false,
            "id": "/subscriptions/26ab1224-52b0-4168-b673-e29ef41a642e/resourceGroups/vWANDemo-uksouth-vwan-rg-01/providers/Microsoft.Compute/virtualMachines/uksouth-vm01",
            "identity": [
              {
                "identity_ids": [],
                "principal_id": "797ffc49-0923-413f-8116-a1e87de2c017",
                "tenant_id": "72f988bf-86f1-41af-91ab-2d7cd011db47",
                "type": "SystemAssigned"
              }
            ],
            "license_type": "",
            "location": "uksouth",
            "max_bid_price": -1,
            "name": "uksouth-vm01",
            "network_interface_ids": [
              "/subscriptions/26ab1224-52b0-4168-b673-e29ef41a642e/resourceGroups/vWANDemo-uksouth-vwan-rg-01/providers/Microsoft.Network/networkInterfaces/uksouth-vm01-nic"
            ],
            "os_disk": [
              {
                "caching": "ReadWrite",
                "diff_disk_settings": [],
                "disk_encryption_set_id": "",
                "disk_size_gb": 127,
                "name": "uksouth-vm01_OsDisk_1_d1cd4ea7c60e4411b631ad5f263dc8e0",
                "secure_vm_disk_encryption_set_id": "",
                "security_encryption_type": "",
                "storage_account_type": "StandardSSD_LRS",
                "write_accelerator_enabled": false
              }
            ],
            "patch_assessment_mode": "ImageDefault",
            "patch_mode": "AutomaticByOS",
            "plan": [],
            "platform_fault_domain": -1,
            "priority": "Regular",
            "private_ip_address": "10.10.11.4",
            "private_ip_addresses": [
              "10.10.11.4"
            ],
            "provision_vm_agent": true,
            "proximity_placement_group_id": "",
            "public_ip_address": "20.0.185.213",
            "public_ip_addresses": [
              "20.0.185.213"
            ],
            "resource_group_name": "vWANDemo-uksouth-vwan-rg-01",
            "secret": [],
            "secure_boot_enabled": false,
            "size": "Standard_B4ms",
            "source_image_id": "",
            "source_image_reference": [
              {
                "offer": "WindowsServer",
                "publisher": "MicrosoftWindowsServer",
                "sku": "2019-Datacenter",
                "version": "latest"
              }
            ],
            "tags": {
              "Environment": "jakewalsh90-vWAN-DemoLab"
            },
            "termination_notification": null,
            "timeouts": null,
            "timezone": "",
            "user_data": "",
            "virtual_machine_id": "182e80ac-cfdd-44c2-911e-0877a7815451",
            "virtual_machine_scale_set_id": "",
            "vtpm_enabled": false,
            "winrm_listener": [],
            "zone": ""
          },
          "sensitive_attributes": [
            [
              {
                "type": "get_attr",
                "value": "admin_password"
              }
            ]
          ],
          "private": "eyJlMmJmYjczMC1lY2FhLTExZTYtOGY4OC0zNDM2M2JjN2M0YzAiOnsiY3JlYXRlIjoyNzAwMDAwMDAwMDAwLCJkZWxldGUiOjI3MDAwMDAwMDAwMDAsInJlYWQiOjMwMDAwMDAwMDAwMCwidXBkYXRlIjoyNzAwMDAwMDAwMDAwfX0=",
          "dependencies": [
            "azurerm_key_vault.kv1",
            "azurerm_key_vault_secret.vmpassword",
            "azurerm_network_interface.region1-vm01-nic",
            "azurerm_public_ip.region1-vm01-pip",
            "azurerm_resource_group.region1-rg1",
            "azurerm_subnet.region1-vnet1-snet1",
            "azurerm_virtual_network.region1-vnet1",
            "data.azurerm_client_config.current",
            "random_id.kvname",
            "random_password.vmpassword"
          ]
        }
      ]
    },
    {
      "mode": "managed",
      "type": "azurerm_windows_virtual_machine",
      "name": "region2-vm01",
      "provider": "provider[\"registry.terraform.io/hashicorp/azurerm\"]",
      "instances": [
        {
          "schema_version": 0,
          "attributes": {
            "additional_capabilities": [],
            "additional_unattend_content": [],
            "admin_password": "t}LcllXBYE9epM-xrD+\u003e",
            "admin_username": "labadmin",
            "allow_extension_operations": true,
            "availability_set_id": "",
            "boot_diagnostics": [],
            "capacity_reservation_group_id": "",
            "computer_name": "eastus-vm01",
            "custom_data": null,
            "dedicated_host_group_id": "",
            "dedicated_host_id": "",
            "edge_zone": "",
            "enable_automatic_updates": true,
            "encryption_at_host_enabled": false,
            "eviction_policy": "",
            "extensions_time_budget": "PT1H30M",
            "gallery_application": [],
            "hotpatching_enabled": false,
            "id": "/subscriptions/26ab1224-52b0-4168-b673-e29ef41a642e/resourceGroups/vWANDemo-eastus-vwan-rg-01/providers/Microsoft.Compute/virtualMachines/eastus-vm01",
            "identity": [
              {
                "identity_ids": [],
                "principal_id": "6317c8a1-1f38-4f0f-b144-b6a4876d1187",
                "tenant_id": "72f988bf-86f1-41af-91ab-2d7cd011db47",
                "type": "SystemAssigned"
              }
            ],
            "license_type": "",
            "location": "eastus",
            "max_bid_price": -1,
            "name": "eastus-vm01",
            "network_interface_ids": [
              "/subscriptions/26ab1224-52b0-4168-b673-e29ef41a642e/resourceGroups/vWANDemo-eastus-vwan-rg-01/providers/Microsoft.Network/networkInterfaces/eastus-vm01-nic"
            ],
            "os_disk": [
              {
                "caching": "ReadWrite",
                "diff_disk_settings": [],
                "disk_encryption_set_id": "",
                "disk_size_gb": 127,
                "name": "eastus-vm01_OsDisk_1_17a0449db8fc430ea76c0bdf317791cd",
                "secure_vm_disk_encryption_set_id": "",
                "security_encryption_type": "",
                "storage_account_type": "StandardSSD_LRS",
                "write_accelerator_enabled": false
              }
            ],
            "patch_assessment_mode": "ImageDefault",
            "patch_mode": "AutomaticByOS",
            "plan": [],
            "platform_fault_domain": -1,
            "priority": "Regular",
            "private_ip_address": "10.20.11.4",
            "private_ip_addresses": [
              "10.20.11.4"
            ],
            "provision_vm_agent": true,
            "proximity_placement_group_id": "",
            "public_ip_address": "20.120.12.76",
            "public_ip_addresses": [
              "20.120.12.76"
            ],
            "resource_group_name": "vWANDemo-eastus-vwan-rg-01",
            "secret": [],
            "secure_boot_enabled": false,
            "size": "Standard_B4ms",
            "source_image_id": "",
            "source_image_reference": [
              {
                "offer": "WindowsServer",
                "publisher": "MicrosoftWindowsServer",
                "sku": "2019-Datacenter",
                "version": "latest"
              }
            ],
            "tags": {
              "Environment": "jakewalsh90-vWAN-DemoLab"
            },
            "termination_notification": null,
            "timeouts": null,
            "timezone": "",
            "user_data": "",
            "virtual_machine_id": "784e1807-c256-4754-8f2c-6a9150a9aa10",
            "virtual_machine_scale_set_id": "",
            "vtpm_enabled": false,
            "winrm_listener": [],
            "zone": ""
          },
          "sensitive_attributes": [
            [
              {
                "type": "get_attr",
                "value": "admin_password"
              }
            ]
          ],
          "private": "eyJlMmJmYjczMC1lY2FhLTExZTYtOGY4OC0zNDM2M2JjN2M0YzAiOnsiY3JlYXRlIjoyNzAwMDAwMDAwMDAwLCJkZWxldGUiOjI3MDAwMDAwMDAwMDAsInJlYWQiOjMwMDAwMDAwMDAwMCwidXBkYXRlIjoyNzAwMDAwMDAwMDAwfX0=",
          "dependencies": [
            "azurerm_key_vault.kv1",
            "azurerm_key_vault_secret.vmpassword",
            "azurerm_network_interface.region2-vm01-nic",
            "azurerm_public_ip.region2-vm01-pip",
            "azurerm_resource_group.region1-rg1",
            "azurerm_resource_group.region2-rg1",
            "azurerm_subnet.region2-vnet1-snet1",
            "azurerm_virtual_network.region2-vnet1",
            "data.azurerm_client_config.current",
            "random_id.kvname",
            "random_password.vmpassword"
          ]
        }
      ]
    },
    {
      "mode": "managed",
      "type": "random_id",
      "name": "kvname",
      "provider": "provider[\"registry.terraform.io/hashicorp/random\"]",
      "instances": [
        {
          "schema_version": 0,
          "attributes": {
            "b64_std": "keyvaultAz70W4w=",
            "b64_url": "keyvaultAz70W4w",
            "byte_length": 5,
            "dec": "keyvault13941103500",
            "hex": "keyvault033ef45b8c",
            "id": "Az70W4w",
            "keepers": null,
            "prefix": "keyvault"
          },
          "sensitive_attributes": []
        }
      ]
    },
    {
      "mode": "managed",
      "type": "random_password",
      "name": "vmpassword",
      "provider": "provider[\"registry.terraform.io/hashicorp/random\"]",
      "instances": [
        {
          "schema_version": 3,
          "attributes": {
            "bcrypt_hash": "$2a$10$WhfZv51eURLm.O2wEn46UuQ0Kdxa4KAngdK.PT3QDp6wDh/KJtOSq",
            "id": "none",
            "keepers": null,
            "length": 20,
            "lower": true,
            "min_lower": 0,
            "min_numeric": 0,
            "min_special": 0,
            "min_upper": 0,
            "number": true,
            "numeric": true,
            "override_special": null,
            "result": "t}LcllXBYE9epM-xrD+\u003e",
            "special": true,
            "upper": true
          },
          "sensitive_attributes": []
        }
      ]
    }
  ]
}
